// !$*UTF8*$!
{
	archiveVersion = 1;
	classes = {
	};
	objectVersion = 50;
	objects = {

/* Begin PBXBuildFile section */
		B67EF0AA2171FE9B00703FD6 /* AppDelegate.swift in Sources */ = {isa = PBXBuildFile; fileRef = B67EF0A92171FE9B00703FD6 /* AppDelegate.swift */; };
		B67EF0AC2171FE9B00703FD6 /* ViewController.swift in Sources */ = {isa = PBXBuildFile; fileRef = B67EF0AB2171FE9B00703FD6 /* ViewController.swift */; };
		B67EF0AF2171FE9B00703FD6 /* Main.storyboard in Resources */ = {isa = PBXBuildFile; fileRef = B67EF0AD2171FE9B00703FD6 /* Main.storyboard */; };
		B67EF0B12171FE9C00703FD6 /* Assets.xcassets in Resources */ = {isa = PBXBuildFile; fileRef = B67EF0B02171FE9C00703FD6 /* Assets.xcassets */; };
		B67EF0B42171FE9C00703FD6 /* LaunchScreen.storyboard in Resources */ = {isa = PBXBuildFile; fileRef = B67EF0B22171FE9C00703FD6 /* LaunchScreen.storyboard */; };
		B67EF0BD2172304600703FD6 /* SliderController.swift in Sources */ = {isa = PBXBuildFile; fileRef = B67EF0BC2172304600703FD6 /* SliderController.swift */; };
/* End PBXBuildFile section */

/* Begin PBXFileReference section */
		B67EF0A62171FE9B00703FD6 /* SlideOutMEnu.app */ = {isa = PBXFileReference; explicitFileType = wrapper.application; includeInIndex = 0; path = SlideOutMEnu.app; sourceTree = BUILT_PRODUCTS_DIR; };
		B67EF0A92171FE9B00703FD6 /* AppDelegate.swift */ = {isa = PBXFileReference; lastKnownFileType = sourcecode.swift; path = AppDelegate.swift; sourceTree = "<group>"; };
		B67EF0AB2171FE9B00703FD6 /* ViewController.swift */ = {isa = PBXFileReference; lastKnownFileType = sourcecode.swift; path = ViewController.swift; sourceTree = "<group>"; };
		B67EF0AE2171FE9B00703FD6 /* Base */ = {isa = PBXFileReference; lastKnownFileType = file.storyboard; name = Base; path = Base.lproj/Main.storyboard; sourceTree = "<group>"; };
		B67EF0B02171FE9C00703FD6 /* Assets.xcassets */ = {isa = PBXFileReference; lastKnownFileType = folder.assetcatalog; path = Assets.xcassets; sourceTree = "<group>"; };
		B67EF0B32171FE9C00703FD6 /* Base */ = {isa = PBXFileReference; lastKnownFileType = file.storyboard; name = Base; path = Base.lproj/LaunchScreen.storyboard; sourceTree = "<group>"; };
		B67EF0B52171FE9C00703FD6 /* Info.plist */ = {isa = PBXFileReference; lastKnownFileType = text.plist.xml; path = Info.plist; sourceTree = "<group>"; };
		B67EF0BC2172304600703FD6 /* SliderController.swift */ = {isa = PBXFileReference; lastKnownFileType = sourcecode.swift; name = SliderController.swift; path = ../../../SlideOutMenu/SlideOutMEnu/Controllers/SliderController.swift; sourceTree = "<group>"; };
/* End PBXFileReference section */

/* Begin PBXFrameworksBuildPhase section */
		B67EF0A32171FE9B00703FD6 /* Frameworks */ = {
			isa = PBXFrameworksBuildPhase;
			buildActionMask = 2147483647;
			files = (
			);
			runOnlyForDeploymentPostprocessing = 0;
		};
/* End PBXFrameworksBuildPhase section */

/* Begin PBXGroup section */
		B67EF09D2171FE9B00703FD6 = {
			isa = PBXGroup;
			children = (
				B67EF0A82171FE9B00703FD6 /* SlideOutMEnu */,
				B67EF0A72171FE9B00703FD6 /* Products */,
			);
			sourceTree = "<group>";
		};
		B67EF0A72171FE9B00703FD6 /* Products */ = {
			isa = PBXGroup;
			children = (
				B67EF0A62171FE9B00703FD6 /* SlideOutMEnu.app */,
			);
			name = Products;
			sourceTree = "<group>";
		};
		B67EF0A82171FE9B00703FD6 /* SlideOutMEnu */ = {
			isa = PBXGroup;
			children = (
				B67EF0BB2172300300703FD6 /* Controllers */,
				B67EF0A92171FE9B00703FD6 /* AppDelegate.swift */,
				B67EF0AB2171FE9B00703FD6 /* ViewController.swift */,
				B67EF0AD2171FE9B00703FD6 /* Main.storyboard */,
				B67EF0B02171FE9C00703FD6 /* Assets.xcassets */,
				B67EF0B22171FE9C00703FD6 /* LaunchScreen.storyboard */,
				B67EF0B52171FE9C00703FD6 /* Info.plist */,
			);
			path = SlideOutMEnu;
			sourceTree = "<group>";
		};
		B67EF0BB2172300300703FD6 /* Controllers */ = {
			isa = PBXGroup;
			children = (
				B67EF0BC2172304600703FD6 /* SliderController.swift */,
			);
			path = Controllers;
			sourceTree = "<group>";
		};
/* End PBXGroup section */

/* Begin PBXNativeTarget section */
		B67EF0A52171FE9B00703FD6 /* SlideOutMEnu */ = {
			isa = PBXNativeTarget;
			buildConfigurationList = B67EF0B82171FE9C00703FD6 /* Build configuration list for PBXNativeTarget "SlideOutMEnu" */;
			buildPhases = (
				B67EF0A22171FE9B00703FD6 /* Sources */,
				B67EF0A32171FE9B00703FD6 /* Frameworks */,
				B67EF0A42171FE9B00703FD6 /* Resources */,
			);
			buildRules = (
			);
			dependencies = (
			);
			name = SlideOutMEnu;
			productName = SlideOutMEnu;
			productReference = B67EF0A62171FE9B00703FD6 /* SlideOutMEnu.app */;
			productType = "com.apple.product-type.application";
		};
/* End PBXNativeTarget section */

/* Begin PBXProject section */
		B67EF09E2171FE9B00703FD6 /* Project object */ = {
			isa = PBXProject;
			attributes = {
				LastSwiftUpdateCheck = 1000;
				LastUpgradeCheck = 1000;
				ORGANIZATIONNAME = DocDevs;
				TargetAttributes = {
					B67EF0A52171FE9B00703FD6 = {
						CreatedOnToolsVersion = 10.0;
					};
				};
			};
			buildConfigurationList = B67EF0A12171FE9B00703FD6 /* Build configuration list for PBXProject "SlideOutMEnu" */;
			compatibilityVersion = "Xcode 9.3";
			developmentRegion = en;
			hasScannedForEncodings = 0;
			knownRegions = (
				en,
				Base,
			);
			mainGroup = B67EF09D2171FE9B00703FD6;
			productRefGroup = B67EF0A72171FE9B00703FD6 /* Products */;
			projectDirPath = "";
			projectRoot = "";
			targets = (
				B67EF0A52171FE9B00703FD6 /* SlideOutMEnu */,
			);
		};
/* End PBXProject section */

/* Begin PBXResourcesBuildPhase section */
		B67EF0A42171FE9B00703FD6 /* Resources */ = {
			isa = PBXResourcesBuildPhase;
			buildActionMask = 2147483647;
			files = (
				B67EF0B42171FE9C00703FD6 /* LaunchScreen.storyboard in Resources */,
				B67EF0B12171FE9C00703FD6 /* Assets.xcassets in Resources */,
				B67EF0AF2171FE9B00703FD6 /* Main.storyboard in Resources */,
			);
			runOnlyForDeploymentPostprocessing = 0;
		};
/* End PBXResourcesBuildPhase section */

/* Begin PBXSourcesBuildPhase section */
		B67EF0A22171FE9B00703FD6 /* Sources */ = {
			isa = PBXSourcesBuildPhase;
			buildActionMask = 2147483647;
			files = (
				B67EF0AC2171FE9B00703FD6 /* ViewController.swift in Sources */,
				B67EF0BD2172304600703FD6 /* SliderController.swift in Sources */,
				B67EF0AA2171FE9B00703FD6 /* AppDelegate.swift in Sources */,
			);
			runOnlyForDeploymentPostprocessing = 0;
		};
/* End PBXSourcesBuildPhase section */

/* Begin PBXVariantGroup section */
		B67EF0AD2171FE9B00703FD6 /* Main.storyboard */ = {
			isa = PBXVariantGroup;
			children = (
				B67EF0AE2171FE9B00703FD6 /* Base */,
			);
			name = Main.storyboard;
			sourceTree = "<group>";
		};
		B67EF0B22171FE9C00703FD6 /* LaunchScreen.storyboard */ = {
			isa = PBXVariantGroup;
			children = (
				B67EF0B32171FE9C00703FD6 /* Base */,
			);
			name = LaunchScreen.storyboard;
			sourceTree = "<group>";
		};
/* End PBXVariantGroup section */

/* Begin XCBuildConfiguration section */
		B67EF0B62171FE9C00703FD6 /* Debug */ = {
			isa = XCBuildConfiguration;
			buildSettings = {
				ALWAYS_SEARCH_USER_PATHS = NO;
				CLANG_ANALYZER_NONNULL = YES;
				CLANG_ANALYZER_NUMBER_OBJECT_CONVERSION = YES_AGGRESSIVE;
				CLANG_CXX_LANGUAGE_STANDARD = "gnu++14";
				CLANG_CXX_LIBRARY = "libc++";
				CLANG_ENABLE_MODULES = YES;
				CLANG_ENABLE_OBJC_ARC = YES;
				CLANG_ENABLE_OBJC_WEAK = YES;
				CLANG_WARN_BLOCK_CAPTURE_AUTORELEASING = YES;
				CLANG_WARN_BOOL_CONVERSION = YES;
				CLANG_WARN_COMMA = YES;
				CLANG_WARN_CONSTANT_CONVERSION = YES;
				CLANG_WARN_DEPRECATED_OBJC_IMPLEMENTATIONS = YES;
				CLANG_WARN_DIRECT_OBJC_ISA_USAGE = YES_ERROR;
				CLANG_WARN_DOCUMENTATION_COMMENTS = YES;
				CLANG_WARN_EMPTY_BODY = YES;
				CLANG_WARN_ENUM_CONVERSION = YES;
				CLANG_WARN_INFINITE_RECURSION = YES;
				CLANG_WARN_INT_CONVERSION = YES;
				CLANG_WARN_NON_LITERAL_NULL_CONVERSION = YES;
				CLANG_WARN_OBJC_IMPLICIT_RETAIN_SELF = YES;
				CLANG_WARN_OBJC_LITERAL_CONVERSION = YES;
				CLANG_WARN_OBJC_ROOT_CLASS = YES_ERROR;
				CLANG_WARN_RANGE_LOOP_ANALYSIS = YES;
				CLANG_WARN_STRICT_PROTOTYPES = YES;
				CLANG_WARN_SUSPICIOUS_MOVE = YES;
				CLANG_WARN_UNGUARDED_AVAILABILITY = YES_AGGRESSIVE;
				CLANG_WARN_UNREACHABLE_CODE = YES;
				CLANG_WARN__DUPLICATE_METHOD_MATCH = YES;
				CODE_SIGN_IDENTITY = "iPhone Developer";
				COPY_PHASE_STRIP = NO;
				DEBUG_INFORMATION_FORMAT = dwarf;
				ENABLE_STRICT_OBJC_MSGSEND = YES;
				ENABLE_TESTABILITY = YES;
				GCC_C_LANGUAGE_STANDARD = gnu11;
				GCC_DYNAMIC_NO_PIC = NO;
				GCC_NO_COMMON_BLOCKS = YES;
				GCC_OPTIMIZATION_LEVEL = 0;
				GCC_PREPROCESSOR_DEFINITIONS = (
					"DEBUG=1",
					"$(inherited)",
				);
				GCC_WARN_64_TO_32_BIT_CONVERSION = YES;
				GCC_WARN_ABOUT_RETURN_TYPE = YES_ERROR;
				GCC_WARN_UNDECLARED_SELECTOR = YES;
				GCC_WARN_UNINITIALIZED_AUTOS = YES_AGGRESSIVE;
				GCC_WARN_UNUSED_FUNCTION = YES;
				GCC_WARN_UNUSED_VARIABLE = YES;
				IPHONEOS_DEPLOYMENT_TARGET = 12.0;
				MTL_ENABLE_DEBUG_INFO = INCLUDE_SOURCE;
				MTL_FAST_MATH = YES;
				ONLY_ACTIVE_ARCH = YES;
				SDKROOT = iphoneos;
				SWIFT_ACTIVE_COMPILATION_CONDITIONS = DEBUG;
				SWIFT_OPTIMIZATION_LEVEL = "-Onone";
			};
			name = Debug;
		};
		B67EF0B72171FE9C00703FD6 /* Release */ = {
			isa = XCBuildConfiguration;
			buildSettings = {
				ALWAYS_SEARCH_USER_PATHS = NO;
				CLANG_ANALYZER_NONNULL = YES;
				CLANG_ANALYZER_NUMBER_OBJECT_CONVERSION = YES_AGGRESSIVE;
				CLANG_CXX_LANGUAGE_STANDARD = "gnu++14";
				CLANG_CXX_LIBRARY = "libc++";
				CLANG_ENABLE_MODULES = YES;
				CLANG_ENABLE_OBJC_ARC = YES;
				CLANG_ENABLE_OBJC_WEAK = YES;
				CLANG_WARN_BLOCK_CAPTURE_AUTORELEASING = YES;
				CLANG_WARN_BOOL_CONVERSION = YES;
				CLANG_WARN_COMMA = YES;
				CLANG_WARN_CONSTANT_CONVERSION = YES;
				CLANG_WARN_DEPRECATED_OBJC_IMPLEMENTATIONS = YES;
				CLANG_WARN_DIRECT_OBJC_ISA_USAGE = YES_ERROR;
				CLANG_WARN_DOCUMENTATION_COMMENTS = YES;
				CLANG_WARN_EMPTY_BODY = YES;
				CLANG_WARN_ENUM_CONVERSION = YES;
				CLANG_WARN_INFINITE_RECURSION = YES;
				CLANG_WARN_INT_CONVERSION = YES;
				CLANG_WARN_NON_LITERAL_NULL_CONVERSION = YES;
				CLANG_WARN_OBJC_IMPLICIT_RETAIN_SELF = YES;
				CLANG_WARN_OBJC_LITERAL_CONVERSION = YES;
				CLANG_WARN_OBJC_ROOT_CLASS = YES_ERROR;
				CLANG_WARN_RANGE_LOOP_ANALYSIS = YES;
				CLANG_WARN_STRICT_PROTOTYPES = YES;
				CLANG_WARN_SUSPICIOUS_MOVE = YES;
				CLANG_WARN_UNGUARDED_AVAILABILITY = YES_AGGRESSIVE;
				CLANG_WARN_UNREACHABLE_CODE = YES;
				CLANG_WARN__DUPLICATE_METHOD_MATCH = YES;
				CODE_SIGN_IDENTITY = "iPhone Developer";
				COPY_PHASE_STRIP = NO;
				DEBUG_INFORMATION_FORMAT = "dwarf-with-dsym";
				ENABLE_NS_ASSERTIONS = NO;
				ENABLE_STRICT_OBJC_MSGSEND = YES;
				GCC_C_LANGUAGE_STANDARD = gnu11;
				GCC_NO_COMMON_BLOCKS = YES;
				GCC_WARN_64_TO_32_BIT_CONVERSION = YES;
				GCC_WARN_ABOUT_RETURN_TYPE = YES_ERROR;
				GCC_WARN_UNDECLARED_SELECTOR = YES;
				GCC_WARN_UNINITIALIZED_AUTOS = YES_AGGRESSIVE;
				GCC_WARN_UNUSED_FUNCTION = YES;
				GCC_WARN_UNUSED_VARIABLE = YES;
				IPHONEOS_DEPLOYMENT_TARGET = 12.0;
				MTL_ENABLE_DEBUG_INFO = NO;
				MTL_FAST_MATH = YES;
				SDKROOT = iphoneos;
				SWIFT_COMPILATION_MODE = wholemodule;
				SWIFT_OPTIMIZATION_LEVEL = "-O";
				VALIDATE_PRODUCT = YES;
			};
			name = Release;
		};
		B67EF0B92171FE9C00703FD6 /* Debug */ = {
			isa = XCBuildConfiguration;
			buildSettings = {
				ASSETCATALOG_COMPILER_APPICON_NAME = AppIcon;
				CODE_SIGN_STYLE = Automatic;
				DEVELOPMENT_TEAM = UHJSHJ73VS;
				INFOPLIST_FILE = SlideOutMEnu/Info.plist;
				LD_RUNPATH_SEARCH_PATHS = (
					"$(inherited)",
					"@executable_path/Frameworks",
				);
				PRODUCT_BUNDLE_IDENTIFIER = com.ayon.SlideOutMEnu;
				PRODUCT_NAME = "$(TARGET_NAME)";
				SWIFT_VERSION = 4.2;
				TARGETED_DEVICE_FAMILY = "1,2";
			};
			name = Debug;
		};
		B67EF0BA2171FE9C00703FD6 /* Release */ = {
			isa = XCBuildConfiguration;
			buildSettings = {
				ASSETCATALOG_COMPILER_APPICON_NAME = AppIcon;
				CODE_SIGN_STYLE = Automatic;
				DEVELOPMENT_TEAM = UHJSHJ73VS;
				INFOPLIST_FILE = SlideOutMEnu/Info.plist;
				LD_RUNPATH_SEARCH_PATHS = (
					"$(inherited)",
					"@executable_path/Frameworks",
				);
				PRODUCT_BUNDLE_IDENTIFIER = com.ayon.SlideOutMEnu;
				PRODUCT_NAME = "$(TARGET_NAME)";
				SWIFT_VERSION = 4.2;
				TARGETED_DEVICE_FAMILY = "1,2";
			};
			name = Release;
		};
/* End XCBuildConfiguration section */

/* Begin XCConfigurationList section */
		B67EF0A12171FE9B00703FD6 /* Build configuration list for PBXProject "SlideOutMEnu" */ = {
			isa = XCConfigurationList;
			buildConfigurations = (
				B67EF0B62171FE9C00703FD6 /* Debug */,
				B67EF0B72171FE9C00703FD6 /* Release */,
			);
			defaultConfigurationIsVisible = 0;
			defaultConfigurationName = Release;
		};
		B67EF0B82171FE9C00703FD6 /* Build configuration list for PBXNativeTarget "SlideOutMEnu" */ = {
			isa = XCConfigurationList;
			buildConfigurations = (
				B67EF0B92171FE9C00703FD6 /* Debug */,
				B67EF0BA2171FE9C00703FD6 /* Release */,
			);
			defaultConfigurationIsVisible = 0;
			defaultConfigurationName = Release;
		};
/* End XCConfigurationList section */
	};
	rootObject = B67EF09E2171FE9B00703FD6 /* Project object */;
}
